
Microsoft Visual Studio Solution File, Format Version 12.00
# Visual Studio Version 16
VisualStudioVersion = 16.0.30517.126
MinimumVisualStudioVersion = 10.0.40219.1
Project("{FAE04EC0-301F-11D3-BF4B-00C04F79EFBC}") = "GestaoFacil.UI", "GestaoFacil.UI\GestaoFacil.UI.csproj", "{DD4F2D52-7BBB-43AE-B436-37B6C34C99C8}"
EndProject
Global
	GlobalSection(SolutionConfigurationPlatforms) = preSolution
		Debug|Any CPU = Debug|Any CPU
		Release|Any CPU = Release|Any CPU
	EndGlobalSection
	GlobalSection(ProjectConfigurationPlatforms) = postSolution
		{DD4F2D52-7BBB-43AE-B436-37B6C34C99C8}.Debug|Any CPU.ActiveCfg = Debug|Any CPU
		{DD4F2D52-7BBB-43AE-B436-37B6C34C99C8}.Debug|Any CPU.Build.0 = Debug|Any CPU
		{DD4F2D52-7BBB-43AE-B436-37B6C34C99C8}.Release|Any CPU.ActiveCfg = Release|Any CPU
		{DD4F2D52-7BBB-43AE-B436-37B6C34C99C8}.Release|Any CPU.Build.0 = Release|Any CPU
	EndGlobalSection
	GlobalSection(SolutionProperties) = preSolution
		HideSolutionNode = FALSE
	EndGlobalSection
	GlobalSection(ExtensibilityGlobals) = postSolution
		SolutionGuid = {DE6D46C3-0FB1-4343-883A-4E26A1C1C0EF}
	EndGlobalSection
EndGlobal
